PODS:
  - challenge_signer (0.0.1):
    - FlutterMacOS
  - FlutterMacOS (1.0.0)

DEPENDENCIES:
  - challenge_signer (from `Flutter/ephemeral/.symlinks/plugins/challenge_signer/macos`)
  - FlutterMacOS (from `Flutter/ephemeral`)

EXTERNAL SOURCES:
  challenge_signer:
    :path: Flutter/ephemeral/.symlinks/plugins/challenge_signer/macos
  FlutterMacOS:
    :path: Flutter/ephemeral

SPEC CHECKSUMS:
  challenge_signer: 79590bbba05beb5766ec473f75a28ca9439fcfc3
  FlutterMacOS: 8f6f14fa908a6fb3fba0cd85dbd81ec4b251fb24

PODFILE CHECKSUM: 236401fc2c932af29a9fcf0e97baeeb2d750d367

COCOAPODS: 1.12.1
